
Microsoft Visual Studio Solution File, Format Version 12.00
# Visual Studio Version 16
VisualStudioVersion = 16.0.32407.337
MinimumVisualStudioVersion = 10.0.40219.1
Project("{9A19103F-16F7-4668-BE54-9A1E7A4F7556}") = "AsposeTestingApp", "AsposeTestingApp\AsposeTestingApp.csproj", "{9FE7A300-EC72-44BD-B8AC-BD3655032B2B}"
EndProject
Project("{FAE04EC0-301F-11D3-BF4B-00C04F79EFBC}") = "AsposeTestingAppUnitTests", "AsposeTestingAppUnitTests\AsposeTestingAppUnitTests.csproj", "{007CD15F-3C3B-4959-897F-540849F05D41}"
EndProject
Global
	GlobalSection(SolutionConfigurationPlatforms) = preSolution
		Debug|Any CPU = Debug|Any CPU
		Release|Any CPU = Release|Any CPU
	EndGlobalSection
	GlobalSection(ProjectConfigurationPlatforms) = postSolution
		{9FE7A300-EC72-44BD-B8AC-BD3655032B2B}.Debug|Any CPU.ActiveCfg = Debug|Any CPU
		{9FE7A300-EC72-44BD-B8AC-BD3655032B2B}.Debug|Any CPU.Build.0 = Debug|Any CPU
		{9FE7A300-EC72-44BD-B8AC-BD3655032B2B}.Release|Any CPU.ActiveCfg = Release|Any CPU
		{9FE7A300-EC72-44BD-B8AC-BD3655032B2B}.Release|Any CPU.Build.0 = Release|Any CPU
		{007CD15F-3C3B-4959-897F-540849F05D41}.Debug|Any CPU.ActiveCfg = Debug|Any CPU
		{007CD15F-3C3B-4959-897F-540849F05D41}.Debug|Any CPU.Build.0 = Debug|Any CPU
		{007CD15F-3C3B-4959-897F-540849F05D41}.Release|Any CPU.ActiveCfg = Release|Any CPU
		{007CD15F-3C3B-4959-897F-540849F05D41}.Release|Any CPU.Build.0 = Release|Any CPU
	EndGlobalSection
	GlobalSection(SolutionProperties) = preSolution
		HideSolutionNode = FALSE
	EndGlobalSection
	GlobalSection(ExtensibilityGlobals) = postSolution
		SolutionGuid = {15F220B1-D0F7-4140-AF19-0B4CC06956D9}
	EndGlobalSection
EndGlobal
